
Microsoft Visual Studio Solution File, Format Version 12.00
Project("{FAE04EC0-301F-11D3-BF4B-00C04F79EFBC}") = "GitOracleMagic", "GitOracleMagic\GitOracleMagic.csproj", "{4C0D5936-0B94-4D25-B8A1-DEDA5F06417E}"
EndProject
Project("{2150E333-8FDC-42A3-9474-1A3956D46DE8}") = "Solution Items", "Solution Items", "{A5E5F6A7-AC5B-4423-81D4-E5AE164DE7D4}"
	ProjectSection(SolutionItems) = preProject
		compose.yaml = compose.yaml
		LICENSE = LICENSE
		readme.md = readme.md
	EndProjectSection
EndProject
Global
	GlobalSection(SolutionConfigurationPlatforms) = preSolution
		Debug|Any CPU = Debug|Any CPU
		Release|Any CPU = Release|Any CPU
	EndGlobalSection
	GlobalSection(ProjectConfigurationPlatforms) = postSolution
		{4C0D5936-0B94-4D25-B8A1-DEDA5F06417E}.Debug|Any CPU.ActiveCfg = Debug|Any CPU
		{4C0D5936-0B94-4D25-B8A1-DEDA5F06417E}.Debug|Any CPU.Build.0 = Debug|Any CPU
		{4C0D5936-0B94-4D25-B8A1-DEDA5F06417E}.Release|Any CPU.ActiveCfg = Release|Any CPU
		{4C0D5936-0B94-4D25-B8A1-DEDA5F06417E}.Release|Any CPU.Build.0 = Release|Any CPU
	EndGlobalSection
EndGlobal
